Microsoft Visual Studio Solution File, Format Version 11.00
# Visual Studio 2008

Project("{7414F8E8-AA35-3898-1EFD-0E49895443C7}") = "Flappy Sock", "Assembly-CSharp.csproj", "{76D54D4A-C929-4E66-0AEA-D42A92709D60}"
EndProject
Global
	GlobalSection(SolutionConfigurationPlatforms) = preSolution
		Debug|Any CPU = Debug|Any CPU
		Release|Any CPU = Release|Any CPU
	EndGlobalSection
	GlobalSection(ProjectConfigurationPlatforms) = postSolution
		{76D54D4A-C929-4E66-0AEA-D42A92709D60}.Debug|Any CPU.ActiveCfg = Debug|Any CPU
		{76D54D4A-C929-4E66-0AEA-D42A92709D60}.Debug|Any CPU.Build.0 = Debug|Any CPU
		{76D54D4A-C929-4E66-0AEA-D42A92709D60}.Release|Any CPU.ActiveCfg = Release|Any CPU
		{76D54D4A-C929-4E66-0AEA-D42A92709D60}.Release|Any CPU.Build.0 = Release|Any CPU
	EndGlobalSection
	GlobalSection(SolutionProperties) = preSolution
		HideSolutionNode = FALSE
	EndGlobalSection
		GlobalSection(MonoDevelopProperties) = preSolution
		StartupItem = Assembly-CSharp.csproj
	EndGlobalSection
EndGlobal
